
Microsoft Visual Studio Solution File, Format Version 12.00
# Visual Studio Version 17
VisualStudioVersion = 17.2.32519.379
MinimumVisualStudioVersion = 10.0.40219.1
Project("{FAE04EC0-301F-11D3-BF4B-00C04F79EFBC}") = "Rat2", "Rat2\Rat2.csproj", "{BE7D594E-9553-44AD-9903-2A9983A2F37A}"
EndProject
Global
	GlobalSection(SolutionConfigurationPlatforms) = preSolution
		Debug|Any CPU = Debug|Any CPU
		Release|Any CPU = Release|Any CPU
	EndGlobalSection
	GlobalSection(ProjectConfigurationPlatforms) = postSolution
		{BE7D594E-9553-44AD-9903-2A9983A2F37A}.Debug|Any CPU.ActiveCfg = Debug|Any CPU
		{BE7D594E-9553-44AD-9903-2A9983A2F37A}.Debug|Any CPU.Build.0 = Debug|Any CPU
		{BE7D594E-9553-44AD-9903-2A9983A2F37A}.Release|Any CPU.ActiveCfg = Release|Any CPU
		{BE7D594E-9553-44AD-9903-2A9983A2F37A}.Release|Any CPU.Build.0 = Release|Any CPU
	EndGlobalSection
	GlobalSection(SolutionProperties) = preSolution
		HideSolutionNode = FALSE
	EndGlobalSection
	GlobalSection(ExtensibilityGlobals) = postSolution
		SolutionGuid = {08FD76BC-F908-44CB-9FB2-0A21C19AAF71}
	EndGlobalSection
EndGlobal
