
Microsoft Visual Studio Solution File, Format Version 12.00
# Visual Studio Version 17
VisualStudioVersion = 17.2.32519.379
MinimumVisualStudioVersion = 10.0.40219.1
Project("{FAE04EC0-301F-11D3-BF4B-00C04F79EFBC}") = "UnitTestProject1", "UnitTestProject1\UnitTestProject1.csproj", "{9E071975-0E08-4268-BFBF-78A5FA29866F}"
EndProject
Global
	GlobalSection(SolutionConfigurationPlatforms) = preSolution
		Debug|Any CPU = Debug|Any CPU
		Release|Any CPU = Release|Any CPU
	EndGlobalSection
	GlobalSection(ProjectConfigurationPlatforms) = postSolution
		{9E071975-0E08-4268-BFBF-78A5FA29866F}.Debug|Any CPU.ActiveCfg = Debug|Any CPU
		{9E071975-0E08-4268-BFBF-78A5FA29866F}.Debug|Any CPU.Build.0 = Debug|Any CPU
		{9E071975-0E08-4268-BFBF-78A5FA29866F}.Release|Any CPU.ActiveCfg = Release|Any CPU
		{9E071975-0E08-4268-BFBF-78A5FA29866F}.Release|Any CPU.Build.0 = Release|Any CPU
	EndGlobalSection
	GlobalSection(SolutionProperties) = preSolution
		HideSolutionNode = FALSE
	EndGlobalSection
	GlobalSection(ExtensibilityGlobals) = postSolution
		SolutionGuid = {0DFFA9F6-9214-4CD1-BE38-B6ED270773C2}
	EndGlobalSection
EndGlobal
